
Microsoft Visual Studio Solution File, Format Version 12.00
# Visual Studio Version 16
VisualStudioVersion = 16.0.31410.357
MinimumVisualStudioVersion = 10.0.40219.1
Project("{FAE04EC0-301F-11D3-BF4B-00C04F79EFBC}") = "HomeInterview", "ConsoleApp1\HomeInterview.csproj", "{07FC3B02-4A9D-4424-852E-C072EA7E0625}"
EndProject
Global
	GlobalSection(SolutionConfigurationPlatforms) = preSolution
		Debug|Any CPU = Debug|Any CPU
		Release|Any CPU = Release|Any CPU
	EndGlobalSection
	GlobalSection(ProjectConfigurationPlatforms) = postSolution
		{07FC3B02-4A9D-4424-852E-C072EA7E0625}.Debug|Any CPU.ActiveCfg = Debug|Any CPU
		{07FC3B02-4A9D-4424-852E-C072EA7E0625}.Debug|Any CPU.Build.0 = Debug|Any CPU
		{07FC3B02-4A9D-4424-852E-C072EA7E0625}.Release|Any CPU.ActiveCfg = Release|Any CPU
		{07FC3B02-4A9D-4424-852E-C072EA7E0625}.Release|Any CPU.Build.0 = Release|Any CPU
	EndGlobalSection
	GlobalSection(SolutionProperties) = preSolution
		HideSolutionNode = FALSE
	EndGlobalSection
	GlobalSection(ExtensibilityGlobals) = postSolution
		SolutionGuid = {6608F9D5-4C75-449A-A344-04F17EE95752}
	EndGlobalSection
EndGlobal
